
Microsoft Visual Studio Solution File, Format Version 12.00
# Visual Studio Version 16
VisualStudioVersion = 16.0.29503.13
MinimumVisualStudioVersion = 10.0.40219.1
Project("{FAE04EC0-301F-11D3-BF4B-00C04F79EFBC}") = "AutoNitro", "AutoNitro\AutoNitro.csproj", "{B035454D-69E7-4081-99AC-F9657F3CDEA0}"
EndProject
Project("{FAE04EC0-301F-11D3-BF4B-00C04F79EFBC}") = "Anarchy", "..\Anarchy\Anarchy\Anarchy.csproj", "{18C13E5D-D4D2-4310-993C-2F2644DB8D54}"
EndProject
Global
	GlobalSection(SolutionConfigurationPlatforms) = preSolution
		Debug|Any CPU = Debug|Any CPU
		Release|Any CPU = Release|Any CPU
	EndGlobalSection
	GlobalSection(ProjectConfigurationPlatforms) = postSolution
		{B035454D-69E7-4081-99AC-F9657F3CDEA0}.Debug|Any CPU.ActiveCfg = Debug|Any CPU
		{B035454D-69E7-4081-99AC-F9657F3CDEA0}.Debug|Any CPU.Build.0 = Debug|Any CPU
		{B035454D-69E7-4081-99AC-F9657F3CDEA0}.Release|Any CPU.ActiveCfg = Release|Any CPU
		{B035454D-69E7-4081-99AC-F9657F3CDEA0}.Release|Any CPU.Build.0 = Release|Any CPU
		{18C13E5D-D4D2-4310-993C-2F2644DB8D54}.Debug|Any CPU.ActiveCfg = Debug|Any CPU
		{18C13E5D-D4D2-4310-993C-2F2644DB8D54}.Debug|Any CPU.Build.0 = Debug|Any CPU
		{18C13E5D-D4D2-4310-993C-2F2644DB8D54}.Release|Any CPU.ActiveCfg = Release|Any CPU
		{18C13E5D-D4D2-4310-993C-2F2644DB8D54}.Release|Any CPU.Build.0 = Release|Any CPU
	EndGlobalSection
	GlobalSection(SolutionProperties) = preSolution
		HideSolutionNode = FALSE
	EndGlobalSection
	GlobalSection(ExtensibilityGlobals) = postSolution
		SolutionGuid = {05E33085-EBF5-4D89-BB9F-D19CC5195C55}
	EndGlobalSection
EndGlobal
